
Microsoft Visual Studio Solution File, Format Version 12.00
# Visual Studio Version 17
VisualStudioVersion = 17.5.002.0
MinimumVisualStudioVersion = 10.0.40219.1
Project("{9A19103F-16F7-4668-BE54-9A1E7A4F7556}") = "Ruslex", "Ruslex.csproj", "{68F9D47C-2091-4423-BB96-84A11E9A668B}"
EndProject
Global
	GlobalSection(SolutionConfigurationPlatforms) = preSolution
		Debug|Any CPU = Debug|Any CPU
		Release|Any CPU = Release|Any CPU
	EndGlobalSection
	GlobalSection(ProjectConfigurationPlatforms) = postSolution
		{68F9D47C-2091-4423-BB96-84A11E9A668B}.Debug|Any CPU.ActiveCfg = Debug|Any CPU
		{68F9D47C-2091-4423-BB96-84A11E9A668B}.Debug|Any CPU.Build.0 = Debug|Any CPU
		{68F9D47C-2091-4423-BB96-84A11E9A668B}.Release|Any CPU.ActiveCfg = Release|Any CPU
		{68F9D47C-2091-4423-BB96-84A11E9A668B}.Release|Any CPU.Build.0 = Release|Any CPU
	EndGlobalSection
	GlobalSection(SolutionProperties) = preSolution
		HideSolutionNode = FALSE
	EndGlobalSection
	GlobalSection(ExtensibilityGlobals) = postSolution
		SolutionGuid = {E4705921-914F-433B-AC3D-0F9CF0DCC066}
	EndGlobalSection
EndGlobal
